
Microsoft Visual Studio Solution File, Format Version 12.00
# Visual Studio 14
VisualStudioVersion = 14.0.25420.1
MinimumVisualStudioVersion = 10.0.40219.1
Project("{FAE04EC0-301F-11D3-BF4B-00C04F79EFBC}") = "AlteryxAddIns.Framework", "AlteryxAddIns.Framework\AlteryxAddIns.Framework.csproj", "{C2813972-BA56-42FE-B3F3-25DA51733946}"
EndProject
Project("{FAE04EC0-301F-11D3-BF4B-00C04F79EFBC}") = "AlteryxAddIns.Roslyn", "AlteryxAddIns.Roslyn\AlteryxAddIns.Roslyn.csproj", "{65B57ECE-465D-41DC-909E-00F4879D21A2}"
EndProject
Project("{FAE04EC0-301F-11D3-BF4B-00C04F79EFBC}") = "AlteryxAddIns", "AlteryxAddIns\AlteryxAddIns.csproj", "{9776ADBB-DE47-413F-897B-B6EF1AB368CF}"
EndProject
Global
	GlobalSection(SolutionConfigurationPlatforms) = preSolution
		Debug|Any CPU = Debug|Any CPU
		Release|Any CPU = Release|Any CPU
	EndGlobalSection
	GlobalSection(ProjectConfigurationPlatforms) = postSolution
		{C2813972-BA56-42FE-B3F3-25DA51733946}.Debug|Any CPU.ActiveCfg = Debug|Any CPU
		{C2813972-BA56-42FE-B3F3-25DA51733946}.Debug|Any CPU.Build.0 = Debug|Any CPU
		{C2813972-BA56-42FE-B3F3-25DA51733946}.Release|Any CPU.ActiveCfg = Release|Any CPU
		{C2813972-BA56-42FE-B3F3-25DA51733946}.Release|Any CPU.Build.0 = Release|Any CPU
		{65B57ECE-465D-41DC-909E-00F4879D21A2}.Debug|Any CPU.ActiveCfg = Debug|Any CPU
		{65B57ECE-465D-41DC-909E-00F4879D21A2}.Debug|Any CPU.Build.0 = Debug|Any CPU
		{65B57ECE-465D-41DC-909E-00F4879D21A2}.Release|Any CPU.ActiveCfg = Release|Any CPU
		{65B57ECE-465D-41DC-909E-00F4879D21A2}.Release|Any CPU.Build.0 = Release|Any CPU
		{9776ADBB-DE47-413F-897B-B6EF1AB368CF}.Debug|Any CPU.ActiveCfg = Debug|Any CPU
		{9776ADBB-DE47-413F-897B-B6EF1AB368CF}.Debug|Any CPU.Build.0 = Debug|Any CPU
		{9776ADBB-DE47-413F-897B-B6EF1AB368CF}.Release|Any CPU.ActiveCfg = Release|Any CPU
		{9776ADBB-DE47-413F-897B-B6EF1AB368CF}.Release|Any CPU.Build.0 = Release|Any CPU
	EndGlobalSection
	GlobalSection(SolutionProperties) = preSolution
		HideSolutionNode = FALSE
	EndGlobalSection
EndGlobal
