
Microsoft Visual Studio Solution File, Format Version 12.00
# Visual Studio 15
VisualStudioVersion = 15.0.26228.4
MinimumVisualStudioVersion = 10.0.40219.1
Project("{FAE04EC0-301F-11D3-BF4B-00C04F79EFBC}") = "AlteryxAddIns.Roslyn", "AlteryxAddIns.Roslyn\AlteryxAddIns.Roslyn.csproj", "{65B57ECE-465D-41DC-909E-00F4879D21A2}"
EndProject
Project("{FAE04EC0-301F-11D3-BF4B-00C04F79EFBC}") = "AlteryxAddIns", "AlteryxAddIns\AlteryxAddIns.csproj", "{9776ADBB-DE47-413F-897B-B6EF1AB368CF}"
EndProject
Project("{2150E333-8FDC-42A3-9474-1A3956D46DE8}") = "Shared", "Shared", "{E56FB22E-2BB8-4451-95E2-70CA5FF532AC}"
	ProjectSection(SolutionItems) = preProject
		Installbin.ps1 = Installbin.ps1
		InstallbinDebug.bat = InstallbinDebug.bat
		InstallbinRelease.bat = InstallbinRelease.bat
		OmniBus.ruleset = OmniBus.ruleset
		VersionInfo.cs = VersionInfo.cs
	EndProjectSection
EndProject
Project("{FAE04EC0-301F-11D3-BF4B-00C04F79EFBC}") = "OmniBus.DotNetEngines", "OmniBus.DotNetEngines\OmniBus.DotNetEngines.csproj", "{777F5219-7FF2-487D-8CBB-FBA75FC9BE21}"
EndProject
Project("{FAE04EC0-301F-11D3-BF4B-00C04F79EFBC}") = "OmniBus.XmlTools", "OmniBus.XmlTools\OmniBus.XmlTools.csproj", "{A24AF181-EB58-4FE4-84B9-BF7CD213732E}"
EndProject
Project("{FAE04EC0-301F-11D3-BF4B-00C04F79EFBC}") = "OmniBus.Framework", "Framework\OmniBus.Framework.csproj", "{A4BE9A96-6D35-4998-9866-3B53B9372A76}"
EndProject
Project("{FAE04EC0-301F-11D3-BF4B-00C04F79EFBC}") = "OmniBus.Framework.Shared", "Framework.Shared\OmniBus.Framework.Shared.csproj", "{93DAAFD9-1B8A-4582-8A37-EAD80BFCC129}"
EndProject
Project("{FAE04EC0-301F-11D3-BF4B-00C04F79EFBC}") = "OmniBus.Framework.GUI", "Framework.GUI\OmniBus.Framework.GUI.csproj", "{C2813972-BA56-42FE-B3F3-25DA51733946}"
EndProject
Global
	GlobalSection(SolutionConfigurationPlatforms) = preSolution
		Debug|Any CPU = Debug|Any CPU
		Release|Any CPU = Release|Any CPU
	EndGlobalSection
	GlobalSection(ProjectConfigurationPlatforms) = postSolution
		{65B57ECE-465D-41DC-909E-00F4879D21A2}.Debug|Any CPU.ActiveCfg = Debug|Any CPU
		{65B57ECE-465D-41DC-909E-00F4879D21A2}.Debug|Any CPU.Build.0 = Debug|Any CPU
		{65B57ECE-465D-41DC-909E-00F4879D21A2}.Release|Any CPU.ActiveCfg = Release|Any CPU
		{65B57ECE-465D-41DC-909E-00F4879D21A2}.Release|Any CPU.Build.0 = Release|Any CPU
		{9776ADBB-DE47-413F-897B-B6EF1AB368CF}.Debug|Any CPU.ActiveCfg = Debug|Any CPU
		{9776ADBB-DE47-413F-897B-B6EF1AB368CF}.Debug|Any CPU.Build.0 = Debug|Any CPU
		{9776ADBB-DE47-413F-897B-B6EF1AB368CF}.Release|Any CPU.ActiveCfg = Release|Any CPU
		{9776ADBB-DE47-413F-897B-B6EF1AB368CF}.Release|Any CPU.Build.0 = Release|Any CPU
		{777F5219-7FF2-487D-8CBB-FBA75FC9BE21}.Debug|Any CPU.ActiveCfg = Debug|Any CPU
		{777F5219-7FF2-487D-8CBB-FBA75FC9BE21}.Debug|Any CPU.Build.0 = Debug|Any CPU
		{777F5219-7FF2-487D-8CBB-FBA75FC9BE21}.Release|Any CPU.ActiveCfg = Release|Any CPU
		{777F5219-7FF2-487D-8CBB-FBA75FC9BE21}.Release|Any CPU.Build.0 = Release|Any CPU
		{A24AF181-EB58-4FE4-84B9-BF7CD213732E}.Debug|Any CPU.ActiveCfg = Debug|Any CPU
		{A24AF181-EB58-4FE4-84B9-BF7CD213732E}.Debug|Any CPU.Build.0 = Debug|Any CPU
		{A24AF181-EB58-4FE4-84B9-BF7CD213732E}.Release|Any CPU.ActiveCfg = Release|Any CPU
		{A24AF181-EB58-4FE4-84B9-BF7CD213732E}.Release|Any CPU.Build.0 = Release|Any CPU
		{A4BE9A96-6D35-4998-9866-3B53B9372A76}.Debug|Any CPU.ActiveCfg = Debug|Any CPU
		{A4BE9A96-6D35-4998-9866-3B53B9372A76}.Debug|Any CPU.Build.0 = Debug|Any CPU
		{A4BE9A96-6D35-4998-9866-3B53B9372A76}.Release|Any CPU.ActiveCfg = Release|Any CPU
		{A4BE9A96-6D35-4998-9866-3B53B9372A76}.Release|Any CPU.Build.0 = Release|Any CPU
		{93DAAFD9-1B8A-4582-8A37-EAD80BFCC129}.Debug|Any CPU.ActiveCfg = Debug|Any CPU
		{93DAAFD9-1B8A-4582-8A37-EAD80BFCC129}.Debug|Any CPU.Build.0 = Debug|Any CPU
		{93DAAFD9-1B8A-4582-8A37-EAD80BFCC129}.Release|Any CPU.ActiveCfg = Release|Any CPU
		{93DAAFD9-1B8A-4582-8A37-EAD80BFCC129}.Release|Any CPU.Build.0 = Release|Any CPU
		{C2813972-BA56-42FE-B3F3-25DA51733946}.Debug|Any CPU.ActiveCfg = Debug|Any CPU
		{C2813972-BA56-42FE-B3F3-25DA51733946}.Debug|Any CPU.Build.0 = Debug|Any CPU
		{C2813972-BA56-42FE-B3F3-25DA51733946}.Release|Any CPU.ActiveCfg = Release|Any CPU
		{C2813972-BA56-42FE-B3F3-25DA51733946}.Release|Any CPU.Build.0 = Release|Any CPU
	EndGlobalSection
	GlobalSection(SolutionProperties) = preSolution
		HideSolutionNode = FALSE
	EndGlobalSection
	GlobalSection(ExtensibilityGlobals) = postSolution
		SolutionGuid = {46E4C8AE-3149-4F8B-B3F5-AE39DB8B4D0B}
	EndGlobalSection
EndGlobal
