
Microsoft Visual Studio Solution File, Format Version 12.00
# Visual Studio 15
VisualStudioVersion = 15.0.28010.2026
MinimumVisualStudioVersion = 10.0.40219.1
Project("{FAE04EC0-301F-11D3-BF4B-00C04F79EFBC}") = "OmniBus.Reporting", "OmniBus.Reporting\OmniBus.Reporting.csproj", "{3B8B3DBD-7337-4F53-BAC4-55F83A6A8080}"
EndProject
Global
	GlobalSection(SolutionConfigurationPlatforms) = preSolution
		Debug|Any CPU = Debug|Any CPU
		Release|Any CPU = Release|Any CPU
	EndGlobalSection
	GlobalSection(ProjectConfigurationPlatforms) = postSolution
		{3B8B3DBD-7337-4F53-BAC4-55F83A6A8080}.Debug|Any CPU.ActiveCfg = Debug|Any CPU
		{3B8B3DBD-7337-4F53-BAC4-55F83A6A8080}.Debug|Any CPU.Build.0 = Debug|Any CPU
		{3B8B3DBD-7337-4F53-BAC4-55F83A6A8080}.Release|Any CPU.ActiveCfg = Release|Any CPU
		{3B8B3DBD-7337-4F53-BAC4-55F83A6A8080}.Release|Any CPU.Build.0 = Release|Any CPU
	EndGlobalSection
	GlobalSection(SolutionProperties) = preSolution
		HideSolutionNode = FALSE
	EndGlobalSection
	GlobalSection(ExtensibilityGlobals) = postSolution
		SolutionGuid = {470578EA-BCEA-44EE-99A1-F2FCEE46137D}
	EndGlobalSection
EndGlobal
